
Microsoft Visual Studio Solution File, Format Version 12.00
# Visual Studio Version 16
VisualStudioVersion = 16.0.29613.14
MinimumVisualStudioVersion = 10.0.40219.1
Project("{FAE04EC0-301F-11D3-BF4B-00C04F79EFBC}") = "WEB API - Modelo 1", "WEB API - Modelo 1\WEB API - Modelo 1.csproj", "{AE6CDF8F-B508-490E-9522-6770D28B5B0E}"
EndProject
Global
	GlobalSection(SolutionConfigurationPlatforms) = preSolution
		Debug|Any CPU = Debug|Any CPU
		Release|Any CPU = Release|Any CPU
	EndGlobalSection
	GlobalSection(ProjectConfigurationPlatforms) = postSolution
		{AE6CDF8F-B508-490E-9522-6770D28B5B0E}.Debug|Any CPU.ActiveCfg = Debug|Any CPU
		{AE6CDF8F-B508-490E-9522-6770D28B5B0E}.Debug|Any CPU.Build.0 = Debug|Any CPU
		{AE6CDF8F-B508-490E-9522-6770D28B5B0E}.Release|Any CPU.ActiveCfg = Release|Any CPU
		{AE6CDF8F-B508-490E-9522-6770D28B5B0E}.Release|Any CPU.Build.0 = Release|Any CPU
	EndGlobalSection
	GlobalSection(SolutionProperties) = preSolution
		HideSolutionNode = FALSE
	EndGlobalSection
	GlobalSection(ExtensibilityGlobals) = postSolution
		SolutionGuid = {54E16795-58B5-452E-8F72-9E2D17847B88}
	EndGlobalSection
EndGlobal
